
Microsoft Visual Studio Solution File, Format Version 12.00
# Visual Studio Version 17
VisualStudioVersion = 17.7.34009.444
MinimumVisualStudioVersion = 10.0.40219.1
Project("{2150E333-8FDC-42A3-9474-1A3956D46DE8}") = "Core", "Core", "{D79E6749-6C79-4104-8517-25DBC26953EE}"
EndProject
Project("{9A19103F-16F7-4668-BE54-9A1E7A4F7556}") = "HospitalManagementSystem.Domain", "src\Core\HospitalManagementSystem.Domain\HospitalManagementSystem.Domain.csproj", "{9948DEA2-BFF9-4E6D-AFD7-1CD850447890}"
EndProject
Project("{9A19103F-16F7-4668-BE54-9A1E7A4F7556}") = "HospitalManagementSystem.Application", "src\Core\HospitalManagementSystem.Application\HospitalManagementSystem.Application.csproj", "{0FECC7DC-730B-4849-BDBC-8BAB70B11824}"
EndProject
Project("{2150E333-8FDC-42A3-9474-1A3956D46DE8}") = "DataProvider", "DataProvider", "{59E52E3F-7359-4DEE-B3BB-533BDAB366EE}"
EndProject
Project("{2150E333-8FDC-42A3-9474-1A3956D46DE8}") = "ServiceProvider", "ServiceProvider", "{BF706CA5-2DEE-4A4D-B5D5-7E5F65BB0289}"
EndProject
Project("{2150E333-8FDC-42A3-9474-1A3956D46DE8}") = "Presentations", "Presentations", "{0DA702E0-97A7-4B6C-BF1E-5D229AADD525}"
EndProject
Project("{2150E333-8FDC-42A3-9474-1A3956D46DE8}") = "REST", "REST", "{8510C85C-F71D-4F48-8D0E-219DE8F51F71}"
EndProject
Project("{2150E333-8FDC-42A3-9474-1A3956D46DE8}") = "Infrastructure", "Infrastructure", "{98DABF0D-0133-4C25-B842-1D95C794C840}"
EndProject
Project("{9A19103F-16F7-4668-BE54-9A1E7A4F7556}") = "HospitalManagementSystem.ServiceProvider", "src\Infrastructure\ServiceProvider\HospitalManagementSystem.ServiceProvider\HospitalManagementSystem.ServiceProvider.csproj", "{9BCAAB38-1EFA-4D15-9A5E-800B35B4A1C8}"
EndProject
Project("{9A19103F-16F7-4668-BE54-9A1E7A4F7556}") = "HospitalManagementSystem", "src\Presentation\REST\HospitalManagementSystem\HospitalManagementSystem.csproj", "{97728030-ECC5-4362-B542-9FA67D72A897}"
EndProject
Project("{2150E333-8FDC-42A3-9474-1A3956D46DE8}") = "HospitalManagementSystem", "HospitalManagementSystem", "{28EBBFD0-76AE-4100-9519-099B95EB9B8E}"
EndProject
Project("{2150E333-8FDC-42A3-9474-1A3956D46DE8}") = "IdentitySystem", "IdentitySystem", "{202DFF15-A10A-4D27-8391-D4139962C4BC}"
EndProject
Project("{9A19103F-16F7-4668-BE54-9A1E7A4F7556}") = "HospitalManagementSystem.DataProvider", "src\Infrastructure\DataProvider\HospitalManagementSystemDataProvider\HospitalManagementSystem.DataProvider\HospitalManagementSystem.DataProvider.csproj", "{AC365048-0931-463F-8C88-8B6B0091D4AA}"
EndProject
Project("{9A19103F-16F7-4668-BE54-9A1E7A4F7556}") = "HospitalManagementSystem.Context", "src\Infrastructure\DataProvider\HospitalManagementSystemDataProvider\HospitalManagementSystem.Context\HospitalManagementSystem.Context.csproj", "{ECEFA461-C545-4575-A371-043C356E3026}"
EndProject
Project("{9A19103F-16F7-4668-BE54-9A1E7A4F7556}") = "HospitalManagementSystem.SQLServer", "src\Infrastructure\DataProvider\HospitalManagementSystemDataProvider\HospitalManagementSystem.SQLServer\HospitalManagementSystem.SQLServer.csproj", "{80001AC1-5C57-47E1-838E-B9A9FCEC9C0D}"
EndProject
Project("{FAE04EC0-301F-11D3-BF4B-00C04F79EFBC}") = "HospitalManagementSystem.Tests", "src\Infrastructure\DataProvider\HospitalManagementSystemDataProvider\HospitalManagementSystem.Tests\HospitalManagementSystem.Tests.csproj", "{DB654C0F-B5E0-46C0-AE41-C89F77F51CB4}"
EndProject
Global
	GlobalSection(SolutionConfigurationPlatforms) = preSolution
		Debug|Any CPU = Debug|Any CPU
		Release|Any CPU = Release|Any CPU
		Test|Any CPU = Test|Any CPU
	EndGlobalSection
	GlobalSection(ProjectConfigurationPlatforms) = postSolution
		{9948DEA2-BFF9-4E6D-AFD7-1CD850447890}.Debug|Any CPU.ActiveCfg = Debug|Any CPU
		{9948DEA2-BFF9-4E6D-AFD7-1CD850447890}.Debug|Any CPU.Build.0 = Debug|Any CPU
		{9948DEA2-BFF9-4E6D-AFD7-1CD850447890}.Release|Any CPU.ActiveCfg = Release|Any CPU
		{9948DEA2-BFF9-4E6D-AFD7-1CD850447890}.Release|Any CPU.Build.0 = Release|Any CPU
		{9948DEA2-BFF9-4E6D-AFD7-1CD850447890}.Test|Any CPU.ActiveCfg = Test|Any CPU
		{9948DEA2-BFF9-4E6D-AFD7-1CD850447890}.Test|Any CPU.Build.0 = Test|Any CPU
		{0FECC7DC-730B-4849-BDBC-8BAB70B11824}.Debug|Any CPU.ActiveCfg = Debug|Any CPU
		{0FECC7DC-730B-4849-BDBC-8BAB70B11824}.Debug|Any CPU.Build.0 = Debug|Any CPU
		{0FECC7DC-730B-4849-BDBC-8BAB70B11824}.Release|Any CPU.ActiveCfg = Release|Any CPU
		{0FECC7DC-730B-4849-BDBC-8BAB70B11824}.Release|Any CPU.Build.0 = Release|Any CPU
		{0FECC7DC-730B-4849-BDBC-8BAB70B11824}.Test|Any CPU.ActiveCfg = Test|Any CPU
		{0FECC7DC-730B-4849-BDBC-8BAB70B11824}.Test|Any CPU.Build.0 = Test|Any CPU
		{9BCAAB38-1EFA-4D15-9A5E-800B35B4A1C8}.Debug|Any CPU.ActiveCfg = Debug|Any CPU
		{9BCAAB38-1EFA-4D15-9A5E-800B35B4A1C8}.Debug|Any CPU.Build.0 = Debug|Any CPU
		{9BCAAB38-1EFA-4D15-9A5E-800B35B4A1C8}.Release|Any CPU.ActiveCfg = Release|Any CPU
		{9BCAAB38-1EFA-4D15-9A5E-800B35B4A1C8}.Release|Any CPU.Build.0 = Release|Any CPU
		{9BCAAB38-1EFA-4D15-9A5E-800B35B4A1C8}.Test|Any CPU.ActiveCfg = Test|Any CPU
		{9BCAAB38-1EFA-4D15-9A5E-800B35B4A1C8}.Test|Any CPU.Build.0 = Test|Any CPU
		{97728030-ECC5-4362-B542-9FA67D72A897}.Debug|Any CPU.ActiveCfg = Debug|Any CPU
		{97728030-ECC5-4362-B542-9FA67D72A897}.Debug|Any CPU.Build.0 = Debug|Any CPU
		{97728030-ECC5-4362-B542-9FA67D72A897}.Release|Any CPU.ActiveCfg = Release|Any CPU
		{97728030-ECC5-4362-B542-9FA67D72A897}.Release|Any CPU.Build.0 = Release|Any CPU
		{97728030-ECC5-4362-B542-9FA67D72A897}.Test|Any CPU.ActiveCfg = Test|Any CPU
		{97728030-ECC5-4362-B542-9FA67D72A897}.Test|Any CPU.Build.0 = Test|Any CPU
		{AC365048-0931-463F-8C88-8B6B0091D4AA}.Debug|Any CPU.ActiveCfg = Debug|Any CPU
		{AC365048-0931-463F-8C88-8B6B0091D4AA}.Debug|Any CPU.Build.0 = Debug|Any CPU
		{AC365048-0931-463F-8C88-8B6B0091D4AA}.Release|Any CPU.ActiveCfg = Release|Any CPU
		{AC365048-0931-463F-8C88-8B6B0091D4AA}.Release|Any CPU.Build.0 = Release|Any CPU
		{AC365048-0931-463F-8C88-8B6B0091D4AA}.Test|Any CPU.ActiveCfg = Debug|Any CPU
		{AC365048-0931-463F-8C88-8B6B0091D4AA}.Test|Any CPU.Build.0 = Debug|Any CPU
		{ECEFA461-C545-4575-A371-043C356E3026}.Debug|Any CPU.ActiveCfg = Debug|Any CPU
		{ECEFA461-C545-4575-A371-043C356E3026}.Debug|Any CPU.Build.0 = Debug|Any CPU
		{ECEFA461-C545-4575-A371-043C356E3026}.Release|Any CPU.ActiveCfg = Release|Any CPU
		{ECEFA461-C545-4575-A371-043C356E3026}.Release|Any CPU.Build.0 = Release|Any CPU
		{ECEFA461-C545-4575-A371-043C356E3026}.Test|Any CPU.ActiveCfg = Test|Any CPU
		{ECEFA461-C545-4575-A371-043C356E3026}.Test|Any CPU.Build.0 = Test|Any CPU
		{80001AC1-5C57-47E1-838E-B9A9FCEC9C0D}.Debug|Any CPU.ActiveCfg = Debug|Any CPU
		{80001AC1-5C57-47E1-838E-B9A9FCEC9C0D}.Debug|Any CPU.Build.0 = Debug|Any CPU
		{80001AC1-5C57-47E1-838E-B9A9FCEC9C0D}.Release|Any CPU.ActiveCfg = Release|Any CPU
		{80001AC1-5C57-47E1-838E-B9A9FCEC9C0D}.Release|Any CPU.Build.0 = Release|Any CPU
		{80001AC1-5C57-47E1-838E-B9A9FCEC9C0D}.Test|Any CPU.ActiveCfg = Debug|Any CPU
		{80001AC1-5C57-47E1-838E-B9A9FCEC9C0D}.Test|Any CPU.Build.0 = Debug|Any CPU
		{DB654C0F-B5E0-46C0-AE41-C89F77F51CB4}.Debug|Any CPU.ActiveCfg = Debug|Any CPU
		{DB654C0F-B5E0-46C0-AE41-C89F77F51CB4}.Debug|Any CPU.Build.0 = Debug|Any CPU
		{DB654C0F-B5E0-46C0-AE41-C89F77F51CB4}.Release|Any CPU.ActiveCfg = Release|Any CPU
		{DB654C0F-B5E0-46C0-AE41-C89F77F51CB4}.Release|Any CPU.Build.0 = Release|Any CPU
		{DB654C0F-B5E0-46C0-AE41-C89F77F51CB4}.Test|Any CPU.ActiveCfg = Debug|Any CPU
		{DB654C0F-B5E0-46C0-AE41-C89F77F51CB4}.Test|Any CPU.Build.0 = Debug|Any CPU
	EndGlobalSection
	GlobalSection(SolutionProperties) = preSolution
		HideSolutionNode = FALSE
	EndGlobalSection
	GlobalSection(NestedProjects) = preSolution
		{9948DEA2-BFF9-4E6D-AFD7-1CD850447890} = {D79E6749-6C79-4104-8517-25DBC26953EE}
		{0FECC7DC-730B-4849-BDBC-8BAB70B11824} = {D79E6749-6C79-4104-8517-25DBC26953EE}
		{59E52E3F-7359-4DEE-B3BB-533BDAB366EE} = {98DABF0D-0133-4C25-B842-1D95C794C840}
		{BF706CA5-2DEE-4A4D-B5D5-7E5F65BB0289} = {98DABF0D-0133-4C25-B842-1D95C794C840}
		{8510C85C-F71D-4F48-8D0E-219DE8F51F71} = {0DA702E0-97A7-4B6C-BF1E-5D229AADD525}
		{9BCAAB38-1EFA-4D15-9A5E-800B35B4A1C8} = {BF706CA5-2DEE-4A4D-B5D5-7E5F65BB0289}
		{97728030-ECC5-4362-B542-9FA67D72A897} = {8510C85C-F71D-4F48-8D0E-219DE8F51F71}
		{28EBBFD0-76AE-4100-9519-099B95EB9B8E} = {59E52E3F-7359-4DEE-B3BB-533BDAB366EE}
		{202DFF15-A10A-4D27-8391-D4139962C4BC} = {59E52E3F-7359-4DEE-B3BB-533BDAB366EE}
		{AC365048-0931-463F-8C88-8B6B0091D4AA} = {28EBBFD0-76AE-4100-9519-099B95EB9B8E}
		{ECEFA461-C545-4575-A371-043C356E3026} = {28EBBFD0-76AE-4100-9519-099B95EB9B8E}
		{80001AC1-5C57-47E1-838E-B9A9FCEC9C0D} = {28EBBFD0-76AE-4100-9519-099B95EB9B8E}
		{DB654C0F-B5E0-46C0-AE41-C89F77F51CB4} = {28EBBFD0-76AE-4100-9519-099B95EB9B8E}
	EndGlobalSection
	GlobalSection(ExtensibilityGlobals) = postSolution
		SolutionGuid = {FBC29E12-8C5E-46F6-98EC-35D90E2F8144}
	EndGlobalSection
EndGlobal
