
Microsoft Visual Studio Solution File, Format Version 12.00
# Visual Studio Version 17
VisualStudioVersion = 17.7.34009.444
MinimumVisualStudioVersion = 10.0.40219.1
Project("{2150E333-8FDC-42A3-9474-1A3956D46DE8}") = "Core", "Core", "{D79E6749-6C79-4104-8517-25DBC26953EE}"
EndProject
Project("{9A19103F-16F7-4668-BE54-9A1E7A4F7556}") = "HospitalManagementSystem.Domain", "src\Core\HospitalManagementSystem.Domain\HospitalManagementSystem.Domain.csproj", "{9948DEA2-BFF9-4E6D-AFD7-1CD850447890}"
EndProject
Project("{9A19103F-16F7-4668-BE54-9A1E7A4F7556}") = "HospitalManagementSystem.Application", "src\Core\HospitalManagementSystem.Application\HospitalManagementSystem.Application.csproj", "{0FECC7DC-730B-4849-BDBC-8BAB70B11824}"
EndProject
Project("{2150E333-8FDC-42A3-9474-1A3956D46DE8}") = "DataProvider", "DataProvider", "{59E52E3F-7359-4DEE-B3BB-533BDAB366EE}"
EndProject
Project("{2150E333-8FDC-42A3-9474-1A3956D46DE8}") = "ServiceProvider", "ServiceProvider", "{BF706CA5-2DEE-4A4D-B5D5-7E5F65BB0289}"
EndProject
Project("{2150E333-8FDC-42A3-9474-1A3956D46DE8}") = "Presentations", "Presentations", "{0DA702E0-97A7-4B6C-BF1E-5D229AADD525}"
EndProject
Project("{2150E333-8FDC-42A3-9474-1A3956D46DE8}") = "REST", "REST", "{8510C85C-F71D-4F48-8D0E-219DE8F51F71}"
EndProject
Project("{2150E333-8FDC-42A3-9474-1A3956D46DE8}") = "Infrastructure", "Infrastructure", "{98DABF0D-0133-4C25-B842-1D95C794C840}"
EndProject
Project("{9A19103F-16F7-4668-BE54-9A1E7A4F7556}") = "HospitalManagementSystem.ServiceProvider", "src\Infrastructure\ServiceProvider\HospitalManagementSystem.ServiceProvider\HospitalManagementSystem.ServiceProvider.csproj", "{9BCAAB38-1EFA-4D15-9A5E-800B35B4A1C8}"
EndProject
Project("{9A19103F-16F7-4668-BE54-9A1E7A4F7556}") = "HospitalManagementSystem.DataBaseContextProvider", "src\Infrastructure\DataProvider\HospitalManagementSystem.DataBaseContextProvider\HospitalManagementSystem.DataBaseContextProvider.csproj", "{C384495D-45F2-459A-81A1-6AB836231F53}"
EndProject
Project("{9A19103F-16F7-4668-BE54-9A1E7A4F7556}") = "HospitalManagementSystem.SQLServerDatabaseProvider", "src\Infrastructure\DataProvider\HospitalManagementSystem.SQLServerDatabaseProvider\HospitalManagementSystem.SQLServerDatabaseProvider.csproj", "{29DD47C5-4EA2-42E1-BF13-729C00A9A7D6}"
EndProject
Project("{9A19103F-16F7-4668-BE54-9A1E7A4F7556}") = "HospitalManagementSystem", "src\Presentation\REST\HospitalManagementSystem\HospitalManagementSystem.csproj", "{97728030-ECC5-4362-B542-9FA67D72A897}"
EndProject
Project("{FAE04EC0-301F-11D3-BF4B-00C04F79EFBC}") = "HospitalManagementSystem.SQLServerDatabaseProvider.Tests", "src\Infrastructure\DataProvider\HospitalManagementSystem.SQLServerDatabaseProvider.Tests\HospitalManagementSystem.SQLServerDatabaseProvider.Tests.csproj", "{6B200093-D313-4DD0-98C9-89DDB5F60DF8}"
EndProject
Global
	GlobalSection(SolutionConfigurationPlatforms) = preSolution
		Debug|Any CPU = Debug|Any CPU
		Release|Any CPU = Release|Any CPU
	EndGlobalSection
	GlobalSection(ProjectConfigurationPlatforms) = postSolution
		{9948DEA2-BFF9-4E6D-AFD7-1CD850447890}.Debug|Any CPU.ActiveCfg = Debug|Any CPU
		{9948DEA2-BFF9-4E6D-AFD7-1CD850447890}.Debug|Any CPU.Build.0 = Debug|Any CPU
		{9948DEA2-BFF9-4E6D-AFD7-1CD850447890}.Release|Any CPU.ActiveCfg = Release|Any CPU
		{9948DEA2-BFF9-4E6D-AFD7-1CD850447890}.Release|Any CPU.Build.0 = Release|Any CPU
		{0FECC7DC-730B-4849-BDBC-8BAB70B11824}.Debug|Any CPU.ActiveCfg = Debug|Any CPU
		{0FECC7DC-730B-4849-BDBC-8BAB70B11824}.Debug|Any CPU.Build.0 = Debug|Any CPU
		{0FECC7DC-730B-4849-BDBC-8BAB70B11824}.Release|Any CPU.ActiveCfg = Release|Any CPU
		{0FECC7DC-730B-4849-BDBC-8BAB70B11824}.Release|Any CPU.Build.0 = Release|Any CPU
		{9BCAAB38-1EFA-4D15-9A5E-800B35B4A1C8}.Debug|Any CPU.ActiveCfg = Debug|Any CPU
		{9BCAAB38-1EFA-4D15-9A5E-800B35B4A1C8}.Debug|Any CPU.Build.0 = Debug|Any CPU
		{9BCAAB38-1EFA-4D15-9A5E-800B35B4A1C8}.Release|Any CPU.ActiveCfg = Release|Any CPU
		{9BCAAB38-1EFA-4D15-9A5E-800B35B4A1C8}.Release|Any CPU.Build.0 = Release|Any CPU
		{C384495D-45F2-459A-81A1-6AB836231F53}.Debug|Any CPU.ActiveCfg = Debug|Any CPU
		{C384495D-45F2-459A-81A1-6AB836231F53}.Debug|Any CPU.Build.0 = Debug|Any CPU
		{C384495D-45F2-459A-81A1-6AB836231F53}.Release|Any CPU.ActiveCfg = Release|Any CPU
		{C384495D-45F2-459A-81A1-6AB836231F53}.Release|Any CPU.Build.0 = Release|Any CPU
		{29DD47C5-4EA2-42E1-BF13-729C00A9A7D6}.Debug|Any CPU.ActiveCfg = Debug|Any CPU
		{29DD47C5-4EA2-42E1-BF13-729C00A9A7D6}.Debug|Any CPU.Build.0 = Debug|Any CPU
		{29DD47C5-4EA2-42E1-BF13-729C00A9A7D6}.Release|Any CPU.ActiveCfg = Release|Any CPU
		{29DD47C5-4EA2-42E1-BF13-729C00A9A7D6}.Release|Any CPU.Build.0 = Release|Any CPU
		{97728030-ECC5-4362-B542-9FA67D72A897}.Debug|Any CPU.ActiveCfg = Debug|Any CPU
		{97728030-ECC5-4362-B542-9FA67D72A897}.Debug|Any CPU.Build.0 = Debug|Any CPU
		{97728030-ECC5-4362-B542-9FA67D72A897}.Release|Any CPU.ActiveCfg = Release|Any CPU
		{97728030-ECC5-4362-B542-9FA67D72A897}.Release|Any CPU.Build.0 = Release|Any CPU
		{6B200093-D313-4DD0-98C9-89DDB5F60DF8}.Debug|Any CPU.ActiveCfg = Debug|Any CPU
		{6B200093-D313-4DD0-98C9-89DDB5F60DF8}.Debug|Any CPU.Build.0 = Debug|Any CPU
		{6B200093-D313-4DD0-98C9-89DDB5F60DF8}.Release|Any CPU.ActiveCfg = Release|Any CPU
		{6B200093-D313-4DD0-98C9-89DDB5F60DF8}.Release|Any CPU.Build.0 = Release|Any CPU
	EndGlobalSection
	GlobalSection(SolutionProperties) = preSolution
		HideSolutionNode = FALSE
	EndGlobalSection
	GlobalSection(NestedProjects) = preSolution
		{9948DEA2-BFF9-4E6D-AFD7-1CD850447890} = {D79E6749-6C79-4104-8517-25DBC26953EE}
		{0FECC7DC-730B-4849-BDBC-8BAB70B11824} = {D79E6749-6C79-4104-8517-25DBC26953EE}
		{59E52E3F-7359-4DEE-B3BB-533BDAB366EE} = {98DABF0D-0133-4C25-B842-1D95C794C840}
		{BF706CA5-2DEE-4A4D-B5D5-7E5F65BB0289} = {98DABF0D-0133-4C25-B842-1D95C794C840}
		{8510C85C-F71D-4F48-8D0E-219DE8F51F71} = {0DA702E0-97A7-4B6C-BF1E-5D229AADD525}
		{9BCAAB38-1EFA-4D15-9A5E-800B35B4A1C8} = {BF706CA5-2DEE-4A4D-B5D5-7E5F65BB0289}
		{C384495D-45F2-459A-81A1-6AB836231F53} = {59E52E3F-7359-4DEE-B3BB-533BDAB366EE}
		{29DD47C5-4EA2-42E1-BF13-729C00A9A7D6} = {59E52E3F-7359-4DEE-B3BB-533BDAB366EE}
		{97728030-ECC5-4362-B542-9FA67D72A897} = {8510C85C-F71D-4F48-8D0E-219DE8F51F71}
		{6B200093-D313-4DD0-98C9-89DDB5F60DF8} = {59E52E3F-7359-4DEE-B3BB-533BDAB366EE}
	EndGlobalSection
	GlobalSection(ExtensibilityGlobals) = postSolution
		SolutionGuid = {FBC29E12-8C5E-46F6-98EC-35D90E2F8144}
	EndGlobalSection
EndGlobal
