
Microsoft Visual Studio Solution File, Format Version 12.00
# Visual Studio Version 16
VisualStudioVersion = 16.0.30907.101
MinimumVisualStudioVersion = 10.0.40219.1
Project("{9A19103F-16F7-4668-BE54-9A1E7A4F7556}") = "HospitalDataBase", "HospitalDataBase\HospitalDataBase.csproj", "{E06F1B57-E734-4AAD-8B16-D0BFE2583741}"
EndProject
Project("{9A19103F-16F7-4668-BE54-9A1E7A4F7556}") = "HospitalDataBase.Contracts", "HospitalDataBase.Contracts\HospitalDataBase.Contracts.csproj", "{BD17841A-49A9-4BBB-A05B-874E772CC2BC}"
EndProject
Project("{9A19103F-16F7-4668-BE54-9A1E7A4F7556}") = "HospitalDataBase.Core", "HospitalDataBase.Core\HospitalDataBase.Core.csproj", "{7E134E62-EBAA-4EED-AA43-4799A4B650DB}"
EndProject
Project("{9A19103F-16F7-4668-BE54-9A1E7A4F7556}") = "HospitalDataBase.Repository", "HospitalDataBase.Repository\HospitalDataBase.Repository.csproj", "{169722D1-E319-4375-ADC8-EB36AF3CA405}"
EndProject
Global
	GlobalSection(SolutionConfigurationPlatforms) = preSolution
		Debug|Any CPU = Debug|Any CPU
		Release|Any CPU = Release|Any CPU
	EndGlobalSection
	GlobalSection(ProjectConfigurationPlatforms) = postSolution
		{E06F1B57-E734-4AAD-8B16-D0BFE2583741}.Debug|Any CPU.ActiveCfg = Debug|Any CPU
		{E06F1B57-E734-4AAD-8B16-D0BFE2583741}.Debug|Any CPU.Build.0 = Debug|Any CPU
		{E06F1B57-E734-4AAD-8B16-D0BFE2583741}.Release|Any CPU.ActiveCfg = Release|Any CPU
		{E06F1B57-E734-4AAD-8B16-D0BFE2583741}.Release|Any CPU.Build.0 = Release|Any CPU
		{BD17841A-49A9-4BBB-A05B-874E772CC2BC}.Debug|Any CPU.ActiveCfg = Debug|Any CPU
		{BD17841A-49A9-4BBB-A05B-874E772CC2BC}.Debug|Any CPU.Build.0 = Debug|Any CPU
		{BD17841A-49A9-4BBB-A05B-874E772CC2BC}.Release|Any CPU.ActiveCfg = Release|Any CPU
		{BD17841A-49A9-4BBB-A05B-874E772CC2BC}.Release|Any CPU.Build.0 = Release|Any CPU
		{7E134E62-EBAA-4EED-AA43-4799A4B650DB}.Debug|Any CPU.ActiveCfg = Debug|Any CPU
		{7E134E62-EBAA-4EED-AA43-4799A4B650DB}.Debug|Any CPU.Build.0 = Debug|Any CPU
		{7E134E62-EBAA-4EED-AA43-4799A4B650DB}.Release|Any CPU.ActiveCfg = Release|Any CPU
		{7E134E62-EBAA-4EED-AA43-4799A4B650DB}.Release|Any CPU.Build.0 = Release|Any CPU
		{169722D1-E319-4375-ADC8-EB36AF3CA405}.Debug|Any CPU.ActiveCfg = Debug|Any CPU
		{169722D1-E319-4375-ADC8-EB36AF3CA405}.Debug|Any CPU.Build.0 = Debug|Any CPU
		{169722D1-E319-4375-ADC8-EB36AF3CA405}.Release|Any CPU.ActiveCfg = Release|Any CPU
		{169722D1-E319-4375-ADC8-EB36AF3CA405}.Release|Any CPU.Build.0 = Release|Any CPU
	EndGlobalSection
	GlobalSection(SolutionProperties) = preSolution
		HideSolutionNode = FALSE
	EndGlobalSection
	GlobalSection(ExtensibilityGlobals) = postSolution
		SolutionGuid = {FBC29E12-8C5E-46F6-98EC-35D90E2F8144}
	EndGlobalSection
EndGlobal
